{
    "_meta": {
        "hash": {
            "sha256": "e0e6f932d1e6745871ba1483d7ef8b669cba0a60eea80d544f30c53f0aca1535"
        },
        "pipfile-spec": 6,
        "requires": {
            "python_full_version": "3.11.4",
            "python_version": "3.11.4"
        },
        "sources": [
            {
                "name": "pypi",
                "url": "https://pypi.org/simple",
                "verify_ssl": true
            }
        ]
    },
    "default": {},
    "develop": {}
}
